
Microsoft Visual Studio Solution File, Format Version 12.00
# Visual Studio Version 17
VisualStudioVersion = 17.11.35303.130
MinimumVisualStudioVersion = 10.0.40219.1
Project("{FAE04EC0-301F-11D3-BF4B-00C04F79EFBC}") = "DolgozatBook", "DolgozatBook\DolgozatBook.csproj", "{8072AC3A-C642-4370-B5B6-3271B6EE66E5}"
EndProject
Global
	GlobalSection(SolutionConfigurationPlatforms) = preSolution
		Debug|Any CPU = Debug|Any CPU
		Release|Any CPU = Release|Any CPU
	EndGlobalSection
	GlobalSection(ProjectConfigurationPlatforms) = postSolution
		{8072AC3A-C642-4370-B5B6-3271B6EE66E5}.Debug|Any CPU.ActiveCfg = Debug|Any CPU
		{8072AC3A-C642-4370-B5B6-3271B6EE66E5}.Debug|Any CPU.Build.0 = Debug|Any CPU
		{8072AC3A-C642-4370-B5B6-3271B6EE66E5}.Release|Any CPU.ActiveCfg = Release|Any CPU
		{8072AC3A-C642-4370-B5B6-3271B6EE66E5}.Release|Any CPU.Build.0 = Release|Any CPU
	EndGlobalSection
	GlobalSection(SolutionProperties) = preSolution
		HideSolutionNode = FALSE
	EndGlobalSection
	GlobalSection(ExtensibilityGlobals) = postSolution
		SolutionGuid = {D27A3A25-1BF6-4F51-AA55-7A91FA66179D}
	EndGlobalSection
EndGlobal
